
Microsoft Visual Studio Solution File, Format Version 12.00
# Visual Studio Version 16
VisualStudioVersion = 16.0.30011.22
MinimumVisualStudioVersion = 10.0.40219.1
Project("{9A19103F-16F7-4668-BE54-9A1E7A4F7556}") = "Proyect.TakuGames.Web", "Proyect.TakuGames.Web\Proyect.TakuGames.Web.csproj", "{969CC08B-ECF4-47FA-9C22-653E205BB0E2}"
EndProject
Project("{9A19103F-16F7-4668-BE54-9A1E7A4F7556}") = "Project.TakuGames.Business", "Project.TakuGames.Business\Project.TakuGames.Business.csproj", "{CEA3D50E-D81B-4D36-B1B8-75B3142DBA1B}"
EndProject
Project("{9A19103F-16F7-4668-BE54-9A1E7A4F7556}") = "Project.TakuGames.Dal", "Project.TakuGames.Dal\Project.TakuGames.Dal.csproj", "{B718EB20-BB1D-4356-82A5-FCBA4F77B737}"
EndProject
Project("{9A19103F-16F7-4668-BE54-9A1E7A4F7556}") = "Project.TakuGames.Model", "Project.TakuGames.Model\Project.TakuGames.Model.csproj", "{84D45013-AA4A-460D-90F2-91B2E4B3D601}"
EndProject
Project("{9A19103F-16F7-4668-BE54-9A1E7A4F7556}") = "Proyect.TakuGames.Test", "Proyect.TakuGames.Test\Proyect.TakuGames.Test.csproj", "{2FF6CA63-03A2-4341-A4C2-231C8A4AFBFD}"
	ProjectSection(ProjectDependencies) = postProject
		{CEA3D50E-D81B-4D36-B1B8-75B3142DBA1B} = {CEA3D50E-D81B-4D36-B1B8-75B3142DBA1B}
		{84D45013-AA4A-460D-90F2-91B2E4B3D601} = {84D45013-AA4A-460D-90F2-91B2E4B3D601}
		{969CC08B-ECF4-47FA-9C22-653E205BB0E2} = {969CC08B-ECF4-47FA-9C22-653E205BB0E2}
	EndProjectSection
EndProject
Project("{E53339B2-1760-4266-BCC7-CA923CBCF16C}") = "docker-compose", "docker-compose.dcproj", "{F65CDD21-B071-4DAF-8B5D-C369C215BAA4}"
EndProject
Global
	GlobalSection(SolutionConfigurationPlatforms) = preSolution
		Debug|Any CPU = Debug|Any CPU
		Release|Any CPU = Release|Any CPU
	EndGlobalSection
	GlobalSection(ProjectConfigurationPlatforms) = postSolution
		{969CC08B-ECF4-47FA-9C22-653E205BB0E2}.Debug|Any CPU.ActiveCfg = Debug|Any CPU
		{969CC08B-ECF4-47FA-9C22-653E205BB0E2}.Debug|Any CPU.Build.0 = Debug|Any CPU
		{969CC08B-ECF4-47FA-9C22-653E205BB0E2}.Release|Any CPU.ActiveCfg = Release|Any CPU
		{969CC08B-ECF4-47FA-9C22-653E205BB0E2}.Release|Any CPU.Build.0 = Release|Any CPU
		{CEA3D50E-D81B-4D36-B1B8-75B3142DBA1B}.Debug|Any CPU.ActiveCfg = Debug|Any CPU
		{CEA3D50E-D81B-4D36-B1B8-75B3142DBA1B}.Debug|Any CPU.Build.0 = Debug|Any CPU
		{CEA3D50E-D81B-4D36-B1B8-75B3142DBA1B}.Release|Any CPU.ActiveCfg = Release|Any CPU
		{CEA3D50E-D81B-4D36-B1B8-75B3142DBA1B}.Release|Any CPU.Build.0 = Release|Any CPU
		{B718EB20-BB1D-4356-82A5-FCBA4F77B737}.Debug|Any CPU.ActiveCfg = Debug|Any CPU
		{B718EB20-BB1D-4356-82A5-FCBA4F77B737}.Debug|Any CPU.Build.0 = Debug|Any CPU
		{B718EB20-BB1D-4356-82A5-FCBA4F77B737}.Release|Any CPU.ActiveCfg = Release|Any CPU
		{B718EB20-BB1D-4356-82A5-FCBA4F77B737}.Release|Any CPU.Build.0 = Release|Any CPU
		{84D45013-AA4A-460D-90F2-91B2E4B3D601}.Debug|Any CPU.ActiveCfg = Debug|Any CPU
		{84D45013-AA4A-460D-90F2-91B2E4B3D601}.Debug|Any CPU.Build.0 = Debug|Any CPU
		{84D45013-AA4A-460D-90F2-91B2E4B3D601}.Release|Any CPU.ActiveCfg = Release|Any CPU
		{84D45013-AA4A-460D-90F2-91B2E4B3D601}.Release|Any CPU.Build.0 = Release|Any CPU
		{2FF6CA63-03A2-4341-A4C2-231C8A4AFBFD}.Debug|Any CPU.ActiveCfg = Debug|Any CPU
		{2FF6CA63-03A2-4341-A4C2-231C8A4AFBFD}.Debug|Any CPU.Build.0 = Debug|Any CPU
		{2FF6CA63-03A2-4341-A4C2-231C8A4AFBFD}.Release|Any CPU.ActiveCfg = Release|Any CPU
		{2FF6CA63-03A2-4341-A4C2-231C8A4AFBFD}.Release|Any CPU.Build.0 = Release|Any CPU
		{F65CDD21-B071-4DAF-8B5D-C369C215BAA4}.Debug|Any CPU.ActiveCfg = Debug|Any CPU
		{F65CDD21-B071-4DAF-8B5D-C369C215BAA4}.Debug|Any CPU.Build.0 = Debug|Any CPU
		{F65CDD21-B071-4DAF-8B5D-C369C215BAA4}.Release|Any CPU.ActiveCfg = Release|Any CPU
		{F65CDD21-B071-4DAF-8B5D-C369C215BAA4}.Release|Any CPU.Build.0 = Release|Any CPU
	EndGlobalSection
	GlobalSection(SolutionProperties) = preSolution
		HideSolutionNode = FALSE
	EndGlobalSection
	GlobalSection(ExtensibilityGlobals) = postSolution
		SolutionGuid = {A0A6B805-C84D-46D9-9A35-CBD0E8286214}
	EndGlobalSection
EndGlobal
